
Microsoft Visual Studio Solution File, Format Version 12.00
# Visual Studio 15
VisualStudioVersion = 15.0.27703.2018
MinimumVisualStudioVersion = 10.0.40219.1
Project("{FAE04EC0-301F-11D3-BF4B-00C04F79EFBC}") = "GrowleriaWebPOS", "GrowleriaWebPOS\GrowleriaWebPOS.csproj", "{7DE0415A-5492-47A9-91D9-B89DF48E2E8D}"
EndProject
Project("{FAE04EC0-301F-11D3-BF4B-00C04F79EFBC}") = "GrowleriaPOS", "GrowleriaPOS\GrowleriaPOS.csproj", "{5885377F-2045-4E16-A4AA-189CF91209B4}"
EndProject
Global
	GlobalSection(SolutionConfigurationPlatforms) = preSolution
		Debug|Any CPU = Debug|Any CPU
		Debug|x86 = Debug|x86
		Release|Any CPU = Release|Any CPU
		Release|x86 = Release|x86
	EndGlobalSection
	GlobalSection(ProjectConfigurationPlatforms) = postSolution
		{7DE0415A-5492-47A9-91D9-B89DF48E2E8D}.Debug|Any CPU.ActiveCfg = Debug|Any CPU
		{7DE0415A-5492-47A9-91D9-B89DF48E2E8D}.Debug|Any CPU.Build.0 = Debug|Any CPU
		{7DE0415A-5492-47A9-91D9-B89DF48E2E8D}.Debug|x86.ActiveCfg = Debug|x86
		{7DE0415A-5492-47A9-91D9-B89DF48E2E8D}.Debug|x86.Build.0 = Debug|x86
		{7DE0415A-5492-47A9-91D9-B89DF48E2E8D}.Release|Any CPU.ActiveCfg = Release|Any CPU
		{7DE0415A-5492-47A9-91D9-B89DF48E2E8D}.Release|Any CPU.Build.0 = Release|Any CPU
		{7DE0415A-5492-47A9-91D9-B89DF48E2E8D}.Release|x86.ActiveCfg = Release|x86
		{7DE0415A-5492-47A9-91D9-B89DF48E2E8D}.Release|x86.Build.0 = Release|x86
		{5885377F-2045-4E16-A4AA-189CF91209B4}.Debug|Any CPU.ActiveCfg = Debug|Any CPU
		{5885377F-2045-4E16-A4AA-189CF91209B4}.Debug|Any CPU.Build.0 = Debug|Any CPU
		{5885377F-2045-4E16-A4AA-189CF91209B4}.Debug|x86.ActiveCfg = Debug|Any CPU
		{5885377F-2045-4E16-A4AA-189CF91209B4}.Debug|x86.Build.0 = Debug|Any CPU
		{5885377F-2045-4E16-A4AA-189CF91209B4}.Release|Any CPU.ActiveCfg = Release|Any CPU
		{5885377F-2045-4E16-A4AA-189CF91209B4}.Release|Any CPU.Build.0 = Release|Any CPU
		{5885377F-2045-4E16-A4AA-189CF91209B4}.Release|x86.ActiveCfg = Release|Any CPU
		{5885377F-2045-4E16-A4AA-189CF91209B4}.Release|x86.Build.0 = Release|Any CPU
	EndGlobalSection
	GlobalSection(SolutionProperties) = preSolution
		HideSolutionNode = FALSE
	EndGlobalSection
	GlobalSection(ExtensibilityGlobals) = postSolution
		SolutionGuid = {4730CC58-F506-4E23-B741-B4E62F110B15}
	EndGlobalSection
EndGlobal
